schema: '2.0'
stages:
  train:
    cmd: python main.py train --dataset-path bdsaglam/musique-mini --dataset-name
      answerable --dataset-split train --model llama-3-70b-tgi --temperature 0.5 --technique
      ccot --optimizer-path data/raw/optimizer-configs/bfsrs-medium.json --out data/generated/training/trained-program.json
    deps:
    - path: data/raw/optimizer-configs/bfsrs-medium.json
      hash: md5
      md5: 21335759c8c5393412fe84db76afca93
      size: 349
    - path: main.py
      hash: md5
      md5: 4aef26770d4032d670ab6707e0f1383b
      size: 7137
    params:
      params.yaml:
        qa.model: llama-3-70b-tgi
        qa.technique: ccot
        qa.temperature: 0.5
        train.dataset.name: answerable
        train.dataset.path: bdsaglam/musique-mini
        train.dataset.split: train
        train.optimizer: bfsrs-medium
    outs:
    - path: data/generated/training/trained-program.json
      hash: md5
      md5: 57210568538df575c473b8bf59ed9955
      size: 5919
  evaluate:
    cmd: python main.py evaluate --dataset-path bdsaglam/musique --dataset-name answerable
      --dataset-split validation --model llama-3-70b-tgi --temperature 0.5 --technique
      ccot --load-from data/generated/training/trained-program.json --out data/generated/evaluation/
    deps:
    - path: data/generated/training/trained-program.json
      hash: md5
      md5: 57210568538df575c473b8bf59ed9955
      size: 5919
    - path: main.py
      hash: md5
      md5: 4aef26770d4032d670ab6707e0f1383b
      size: 7137
    params:
      params.yaml:
        evaluation.dataset.name: answerable
        evaluation.dataset.path: bdsaglam/musique
        evaluation.dataset.split: validation
        qa.model: llama-3-70b-tgi
        qa.technique: ccot
        qa.temperature: 0.5
        run: 6
    outs:
    - path: data/generated/evaluation/results.jsonl
      hash: md5
      md5: be341e0fce36d78ed7dc72f585aefe7e
      size: 6030513
    - path: data/generated/evaluation/scores.json
      hash: md5
      md5: d4d2b2117e1c8fa180b9868922513fda
      size: 477
