schema: '2.0'
stages:
  train:
    cmd: python main.py train --dataset-path bdsaglam/musique-mini --dataset-name
      answerable --dataset-split train --model llama-3-70b-tgi --temperature 0.1 --technique
      cte --optimizer-path data/raw/optimizer-configs/bfsrs-medium.json --out data/generated/training/trained-program.json
    deps:
    - path: data/raw/optimizer-configs/bfsrs-medium.json
      hash: md5
      md5: 21335759c8c5393412fe84db76afca93
      size: 349
    - path: main.py
      hash: md5
      md5: c3dffe3d948da37e08bc3dd06ad2da56
      size: 7003
    params:
      params.yaml:
        qa.model: llama-3-70b-tgi
        qa.technique: cte
        qa.temperature: 0.1
        train.dataset.name: answerable
        train.dataset.path: bdsaglam/musique-mini
        train.dataset.split: train
        train.optimizer: bfsrs-medium
    outs:
    - path: data/generated/training/trained-program.json
      hash: md5
      md5: 2dcd5172c0227bcb5e16e9bb0cd92456
      size: 16285
  evaluate:
    cmd: python main.py evaluate --dataset-path bdsaglam/musique --dataset-name answerable
      --dataset-split validation --model llama-3-70b-tgi --temperature 0.1 --technique
      cte --load-from data/generated/training/trained-program.json --out data/generated/evaluation/
    deps:
    - path: data/generated/training/trained-program.json
      hash: md5
      md5: 2dcd5172c0227bcb5e16e9bb0cd92456
      size: 16285
    - path: main.py
      hash: md5
      md5: c3dffe3d948da37e08bc3dd06ad2da56
      size: 7003
    params:
      params.yaml:
        evaluation.dataset.name: answerable
        evaluation.dataset.path: bdsaglam/musique
        evaluation.dataset.split: validation
        qa.model: llama-3-70b-tgi
        qa.technique: cte
        qa.temperature: 0.1
        run: 1
    outs:
    - path: data/generated/evaluation/results.jsonl
      hash: md5
      md5: 73a5f88e41ee958a14e2bb966a83df97
      size: 5698972
    - path: data/generated/evaluation/scores.json
      hash: md5
      md5: edc31a34aaaf91d6a83979b2821147cd
      size: 479
